// !$*UTF8*$!
{
	archiveVersion = 1;
	classes = {
	};
	objectVersion = 46;
	objects = {

/* Begin PBXBuildFile section */
		812BC0AE1F25F05C0086EAA3 /* AppDelegate.swift in Sources */ = {isa = PBXBuildFile; fileRef = 812BC0AD1F25F05C0086EAA3 /* AppDelegate.swift */; };
		812BC0B01F25F05C0086EAA3 /* ViewController.swift in Sources */ = {isa = PBXBuildFile; fileRef = 812BC0AF1F25F05C0086EAA3 /* ViewController.swift */; };
		812BC0B31F25F05C0086EAA3 /* Main.storyboard in Resources */ = {isa = PBXBuildFile; fileRef = 812BC0B11F25F05C0086EAA3 /* Main.storyboard */; };
		812BC0B51F25F05C0086EAA3 /* Assets.xcassets in Resources */ = {isa = PBXBuildFile; fileRef = 812BC0B41F25F05C0086EAA3 /* Assets.xcassets */; };
		812BC0B81F25F05C0086EAA3 /* LaunchScreen.storyboard in Resources */ = {isa = PBXBuildFile; fileRef = 812BC0B61F25F05C0086EAA3 /* LaunchScreen.storyboard */; };
/* End PBXBuildFile section */

/* Begin PBXFileReference section */
		812BC0AA1F25F05C0086EAA3 /* Holy-Bible.app */ = {isa = PBXFileReference; explicitFileType = wrapper.application; includeInIndex = 0; path = "Holy-Bible.app"; sourceTree = BUILT_PRODUCTS_DIR; };
		812BC0AD1F25F05C0086EAA3 /* AppDelegate.swift */ = {isa = PBXFileReference; lastKnownFileType = sourcecode.swift; path = AppDelegate.swift; sourceTree = "<group>"; };
		812BC0AF1F25F05C0086EAA3 /* ViewController.swift */ = {isa = PBXFileReference; lastKnownFileType = sourcecode.swift; path = ViewController.swift; sourceTree = "<group>"; };
		812BC0B21F25F05C0086EAA3 /* Base */ = {isa = PBXFileReference; lastKnownFileType = file.storyboard; name = Base; path = Base.lproj/Main.storyboard; sourceTree = "<group>"; };
		812BC0B41F25F05C0086EAA3 /* Assets.xcassets */ = {isa = PBXFileReference; lastKnownFileType = folder.assetcatalog; path = Assets.xcassets; sourceTree = "<group>"; };
		812BC0B71F25F05C0086EAA3 /* Base */ = {isa = PBXFileReference; lastKnownFileType = file.storyboard; name = Base; path = Base.lproj/LaunchScreen.storyboard; sourceTree = "<group>"; };
		812BC0B91F25F05C0086EAA3 /* Info.plist */ = {isa = PBXFileReference; lastKnownFileType = text.plist.xml; path = Info.plist; sourceTree = "<group>"; };
/* End PBXFileReference section */

/* Begin PBXFrameworksBuildPhase section */
		812BC0A71F25F05C0086EAA3 /* Frameworks */ = {
			isa = PBXFrameworksBuildPhase;
			buildActionMask = 2147483647;
			files = (
			);
			runOnlyForDeploymentPostprocessing = 0;
		};
/* End PBXFrameworksBuildPhase section */

/* Begin PBXGroup section */
		812BC0A11F25F05C0086EAA3 = {
			isa = PBXGroup;
			children = (
				812BC0AC1F25F05C0086EAA3 /* Holy-Bible */,
				812BC0AB1F25F05C0086EAA3 /* Products */,
			);
			sourceTree = "<group>";
		};
		812BC0AB1F25F05C0086EAA3 /* Products */ = {
			isa = PBXGroup;
			children = (
				812BC0AA1F25F05C0086EAA3 /* Holy-Bible.app */,
			);
			name = Products;
			sourceTree = "<group>";
		};
		812BC0AC1F25F05C0086EAA3 /* Holy-Bible */ = {
			isa = PBXGroup;
			children = (
				812BC0AD1F25F05C0086EAA3 /* AppDelegate.swift */,
				812BC0AF1F25F05C0086EAA3 /* ViewController.swift */,
				812BC0B11F25F05C0086EAA3 /* Main.storyboard */,
				812BC0B41F25F05C0086EAA3 /* Assets.xcassets */,
				812BC0B61F25F05C0086EAA3 /* LaunchScreen.storyboard */,
				812BC0B91F25F05C0086EAA3 /* Info.plist */,
			);
			path = "Holy-Bible";
			sourceTree = "<group>";
		};
/* End PBXGroup section */

/* Begin PBXNativeTarget section */
		812BC0A91F25F05C0086EAA3 /* Holy-Bible */ = {
			isa = PBXNativeTarget;
			buildConfigurationList = 812BC0BC1F25F05C0086EAA3 /* Build configuration list for PBXNativeTarget "Holy-Bible" */;
			buildPhases = (
				812BC0A61F25F05C0086EAA3 /* Sources */,
				812BC0A71F25F05C0086EAA3 /* Frameworks */,
				812BC0A81F25F05C0086EAA3 /* Resources */,
			);
			buildRules = (
			);
			dependencies = (
			);
			name = "Holy-Bible";
			productName = "Holy-Bible";
			productReference = 812BC0AA1F25F05C0086EAA3 /* Holy-Bible.app */;
			productType = "com.apple.product-type.application";
		};
/* End PBXNativeTarget section */

/* Begin PBXProject section */
		812BC0A21F25F05C0086EAA3 /* Project object */ = {
			isa = PBXProject;
			attributes = {
				LastSwiftUpdateCheck = 0820;
				LastUpgradeCheck = 0820;
				ORGANIZATIONNAME = "Ragaie alfy";
				TargetAttributes = {
					812BC0A91F25F05C0086EAA3 = {
						CreatedOnToolsVersion = 8.2;
						DevelopmentTeam = 8Z3K9T9U74;
						ProvisioningStyle = Automatic;
					};
				};
			};
			buildConfigurationList = 812BC0A51F25F05C0086EAA3 /* Build configuration list for PBXProject "Holy-Bible" */;
			compatibilityVersion = "Xcode 3.2";
			developmentRegion = English;
			hasScannedForEncodings = 0;
			knownRegions = (
				en,
				Base,
			);
			mainGroup = 812BC0A11F25F05C0086EAA3;
			productRefGroup = 812BC0AB1F25F05C0086EAA3 /* Products */;
			projectDirPath = "";
			projectRoot = "";
			targets = (
				812BC0A91F25F05C0086EAA3 /* Holy-Bible */,
			);
		};
/* End PBXProject section */

/* Begin PBXResourcesBuildPhase section */
		812BC0A81F25F05C0086EAA3 /* Resources */ = {
			isa = PBXResourcesBuildPhase;
			buildActionMask = 2147483647;
			files = (
				812BC0B81F25F05C0086EAA3 /* LaunchScreen.storyboard in Resources */,
				812BC0B51F25F05C0086EAA3 /* Assets.xcassets in Resources */,
				812BC0B31F25F05C0086EAA3 /* Main.storyboard in Resources */,
			);
			runOnlyForDeploymentPostprocessing = 0;
		};
/* End PBXResourcesBuildPhase section */

/* Begin PBXSourcesBuildPhase section */
		812BC0A61F25F05C0086EAA3 /* Sources */ = {
			isa = PBXSourcesBuildPhase;
			buildActionMask = 2147483647;
			files = (
				812BC0B01F25F05C0086EAA3 /* ViewController.swift in Sources */,
				812BC0AE1F25F05C0086EAA3 /* AppDelegate.swift in Sources */,
			);
			runOnlyForDeploymentPostprocessing = 0;
		};
/* End PBXSourcesBuildPhase section */

/* Begin PBXVariantGroup section */
		812BC0B11F25F05C0086EAA3 /* Main.storyboard */ = {
			isa = PBXVariantGroup;
			children = (
				812BC0B21F25F05C0086EAA3 /* Base */,
			);
			name = Main.storyboard;
			sourceTree = "<group>";
		};
		812BC0B61F25F05C0086EAA3 /* LaunchScreen.storyboard */ = {
			isa = PBXVariantGroup;
			children = (
				812BC0B71F25F05C0086EAA3 /* Base */,
			);
			name = LaunchScreen.storyboard;
			sourceTree = "<group>";
		};
/* End PBXVariantGroup section */

/* Begin XCBuildConfiguration section */
		812BC0BA1F25F05C0086EAA3 /* Debug */ = {
			isa = XCBuildConfiguration;
			buildSettings = {
				ALWAYS_SEARCH_USER_PATHS = NO;
				CLANG_ANALYZER_NONNULL = YES;
				CLANG_CXX_LANGUAGE_STANDARD = "gnu++0x";
				CLANG_CXX_LIBRARY = "libc++";
				CLANG_ENABLE_MODULES = YES;
				CLANG_ENABLE_OBJC_ARC = YES;
				CLANG_WARN_BOOL_CONVERSION = YES;
				CLANG_WARN_CONSTANT_CONVERSION = YES;
				CLANG_WARN_DIRECT_OBJC_ISA_USAGE = YES_ERROR;
				CLANG_WARN_DOCUMENTATION_COMMENTS = YES;
				CLANG_WARN_EMPTY_BODY = YES;
				CLANG_WARN_ENUM_CONVERSION = YES;
				CLANG_WARN_INFINITE_RECURSION = YES;
				CLANG_WARN_INT_CONVERSION = YES;
				CLANG_WARN_OBJC_ROOT_CLASS = YES_ERROR;
				CLANG_WARN_SUSPICIOUS_MOVE = YES;
				CLANG_WARN_UNREACHABLE_CODE = YES;
				CLANG_WARN__DUPLICATE_METHOD_MATCH = YES;
				"CODE_SIGN_IDENTITY[sdk=iphoneos*]" = "iPhone Developer";
				COPY_PHASE_STRIP = NO;
				DEBUG_INFORMATION_FORMAT = dwarf;
				ENABLE_STRICT_OBJC_MSGSEND = YES;
				ENABLE_TESTABILITY = YES;
				GCC_C_LANGUAGE_STANDARD = gnu99;
				GCC_DYNAMIC_NO_PIC = NO;
				GCC_NO_COMMON_BLOCKS = YES;
				GCC_OPTIMIZATION_LEVEL = 0;
				GCC_PREPROCESSOR_DEFINITIONS = (
					"DEBUG=1",
					"$(inherited)",
				);
				GCC_WARN_64_TO_32_BIT_CONVERSION = YES;
				GCC_WARN_ABOUT_RETURN_TYPE = YES_ERROR;
				GCC_WARN_UNDECLARED_SELECTOR = YES;
				GCC_WARN_UNINITIALIZED_AUTOS = YES_AGGRESSIVE;
				GCC_WARN_UNUSED_FUNCTION = YES;
				GCC_WARN_UNUSED_VARIABLE = YES;
				IPHONEOS_DEPLOYMENT_TARGET = 10.2;
				MTL_ENABLE_DEBUG_INFO = YES;
				ONLY_ACTIVE_ARCH = YES;
				SDKROOT = iphoneos;
				SWIFT_ACTIVE_COMPILATION_CONDITIONS = DEBUG;
				SWIFT_OPTIMIZATION_LEVEL = "-Onone";
				TARGETED_DEVICE_FAMILY = "1,2";
			};
			name = Debug;
		};
		812BC0BB1F25F05C0086EAA3 /* Release */ = {
			isa = XCBuildConfiguration;
			buildSettings = {
				ALWAYS_SEARCH_USER_PATHS = NO;
				CLANG_ANALYZER_NONNULL = YES;
				CLANG_CXX_LANGUAGE_STANDARD = "gnu++0x";
				CLANG_CXX_LIBRARY = "libc++";
				CLANG_ENABLE_MODULES = YES;
				CLANG_ENABLE_OBJC_ARC = YES;
				CLANG_WARN_BOOL_CONVERSION = YES;
				CLANG_WARN_CONSTANT_CONVERSION = YES;
				CLANG_WARN_DIRECT_OBJC_ISA_USAGE = YES_ERROR;
				CLANG_WARN_DOCUMENTATION_COMMENTS = YES;
				CLANG_WARN_EMPTY_BODY = YES;
				CLANG_WARN_ENUM_CONVERSION = YES;
				CLANG_WARN_INFINITE_RECURSION = YES;
				CLANG_WARN_INT_CONVERSION = YES;
				CLANG_WARN_OBJC_ROOT_CLASS = YES_ERROR;
				CLANG_WARN_SUSPICIOUS_MOVE = YES;
				CLANG_WARN_UNREACHABLE_CODE = YES;
				CLANG_WARN__DUPLICATE_METHOD_MATCH = YES;
				"CODE_SIGN_IDENTITY[sdk=iphoneos*]" = "iPhone Developer";
				COPY_PHASE_STRIP = NO;
				DEBUG_INFORMATION_FORMAT = "dwarf-with-dsym";
				ENABLE_NS_ASSERTIONS = NO;
				ENABLE_STRICT_OBJC_MSGSEND = YES;
				GCC_C_LANGUAGE_STANDARD = gnu99;
				GCC_NO_COMMON_BLOCKS = YES;
				GCC_WARN_64_TO_32_BIT_CONVERSION = YES;
				GCC_WARN_ABOUT_RETURN_TYPE = YES_ERROR;
				GCC_WARN_UNDECLARED_SELECTOR = YES;
				GCC_WARN_UNINITIALIZED_AUTOS = YES_AGGRESSIVE;
				GCC_WARN_UNUSED_FUNCTION = YES;
				GCC_WARN_UNUSED_VARIABLE = YES;
				IPHONEOS_DEPLOYMENT_TARGET = 10.2;
				MTL_ENABLE_DEBUG_INFO = NO;
				SDKROOT = iphoneos;
				SWIFT_OPTIMIZATION_LEVEL = "-Owholemodule";
				TARGETED_DEVICE_FAMILY = "1,2";
				VALIDATE_PRODUCT = YES;
			};
			name = Release;
		};
		812BC0BD1F25F05C0086EAA3 /* Debug */ = {
			isa = XCBuildConfiguration;
			buildSettings = {
				ASSETCATALOG_COMPILER_APPICON_NAME = AppIcon;
				DEVELOPMENT_TEAM = 8Z3K9T9U74;
				INFOPLIST_FILE = "Holy-Bible/Info.plist";
				LD_RUNPATH_SEARCH_PATHS = "$(inherited) @executable_path/Frameworks";
				PRODUCT_BUNDLE_IDENTIFIER = "Chtar.Holy-Bible";
				PRODUCT_NAME = "$(TARGET_NAME)";
				SWIFT_VERSION = 3.0;
			};
			name = Debug;
		};
		812BC0BE1F25F05C0086EAA3 /* Release */ = {
			isa = XCBuildConfiguration;
			buildSettings = {
				ASSETCATALOG_COMPILER_APPICON_NAME = AppIcon;
				DEVELOPMENT_TEAM = 8Z3K9T9U74;
				INFOPLIST_FILE = "Holy-Bible/Info.plist";
				LD_RUNPATH_SEARCH_PATHS = "$(inherited) @executable_path/Frameworks";
				PRODUCT_BUNDLE_IDENTIFIER = "Chtar.Holy-Bible";
				PRODUCT_NAME = "$(TARGET_NAME)";
				SWIFT_VERSION = 3.0;
			};
			name = Release;
		};
/* End XCBuildConfiguration section */

/* Begin XCConfigurationList section */
		812BC0A51F25F05C0086EAA3 /* Build configuration list for PBXProject "Holy-Bible" */ = {
			isa = XCConfigurationList;
			buildConfigurations = (
				812BC0BA1F25F05C0086EAA3 /* Debug */,
				812BC0BB1F25F05C0086EAA3 /* Release */,
			);
			defaultConfigurationIsVisible = 0;
			defaultConfigurationName = Release;
		};
		812BC0BC1F25F05C0086EAA3 /* Build configuration list for PBXNativeTarget "Holy-Bible" */ = {
			isa = XCConfigurationList;
			buildConfigurations = (
				812BC0BD1F25F05C0086EAA3 /* Debug */,
				812BC0BE1F25F05C0086EAA3 /* Release */,
			);
			defaultConfigurationIsVisible = 0;
		};
/* End XCConfigurationList section */
	};
	rootObject = 812BC0A21F25F05C0086EAA3 /* Project object */;
}
